// !$*UTF8*$!
{
	archiveVersion = 1;
	classes = {
	};
	objectVersion = 46;
	objects = {

/* Begin PBXBuildFile section */
		32612F051E2696500092F1E1 /* AppDelegate.swift in Sources */ = {isa = PBXBuildFile; fileRef = 32612F041E2696500092F1E1 /* AppDelegate.swift */; };
		32612F0C1E2696500092F1E1 /* Assets.xcassets in Resources */ = {isa = PBXBuildFile; fileRef = 32612F0B1E2696500092F1E1 /* Assets.xcassets */; };
		32612F0F1E2696500092F1E1 /* LaunchScreen.storyboard in Resources */ = {isa = PBXBuildFile; fileRef = 32612F0D1E2696500092F1E1 /* LaunchScreen.storyboard */; };
		32612F181E2697010092F1E1 /* AlbumListViewController.swift in Sources */ = {isa = PBXBuildFile; fileRef = 32612F161E2697010092F1E1 /* AlbumListViewController.swift */; };
		32612F191E2697010092F1E1 /* PhotoCollectionViewController.swift in Sources */ = {isa = PBXBuildFile; fileRef = 32612F171E2697010092F1E1 /* PhotoCollectionViewController.swift */; };
		32612F1E1E26971C0092F1E1 /* AboutViewController.swift in Sources */ = {isa = PBXBuildFile; fileRef = 32612F1B1E26971C0092F1E1 /* AboutViewController.swift */; };
		32612F1F1E26971C0092F1E1 /* InfoViewController.swift in Sources */ = {isa = PBXBuildFile; fileRef = 32612F1C1E26971C0092F1E1 /* InfoViewController.swift */; };
		32612F201E26971C0092F1E1 /* citation.txt in Resources */ = {isa = PBXBuildFile; fileRef = 32612F1D1E26971C0092F1E1 /* citation.txt */; };
		32612F241E2697350092F1E1 /* AlbumCell.swift in Sources */ = {isa = PBXBuildFile; fileRef = 32612F221E2697350092F1E1 /* AlbumCell.swift */; };
		32612F251E2697350092F1E1 /* PhotoCell.swift in Sources */ = {isa = PBXBuildFile; fileRef = 32612F231E2697350092F1E1 /* PhotoCell.swift */; };
		32612F2A1E2697600092F1E1 /* LoginViewController.swift in Sources */ = {isa = PBXBuildFile; fileRef = 32612F291E2697600092F1E1 /* LoginViewController.swift */; };
		32612F2D1E2697670092F1E1 /* Album.swift in Sources */ = {isa = PBXBuildFile; fileRef = 32612F2B1E2697670092F1E1 /* Album.swift */; };
		32612F2E1E2697670092F1E1 /* Photo.swift in Sources */ = {isa = PBXBuildFile; fileRef = 32612F2C1E2697670092F1E1 /* Photo.swift */; };
		32612F311E2697700092F1E1 /* NetworkManager.swift in Sources */ = {isa = PBXBuildFile; fileRef = 32612F2F1E2697700092F1E1 /* NetworkManager.swift */; };
		32612F321E2697700092F1E1 /* Constants.swift in Sources */ = {isa = PBXBuildFile; fileRef = 32612F301E2697700092F1E1 /* Constants.swift */; };
		32612F341E2698BF0092F1E1 /* GoogleService-Info.plist in Resources */ = {isa = PBXBuildFile; fileRef = 32612F331E2698BF0092F1E1 /* GoogleService-Info.plist */; };
		C97B06263F0C63B21EDA7D42 /* Pods_ECC.framework in Frameworks */ = {isa = PBXBuildFile; fileRef = CDC59A9012C73381403CA757 /* Pods_ECC.framework */; };
/* End PBXBuildFile section */

/* Begin PBXFileReference section */
		0DBD656AFA5204BB99536024 /* Pods-ECC.release.xcconfig */ = {isa = PBXFileReference; includeInIndex = 1; lastKnownFileType = text.xcconfig; name = "Pods-ECC.release.xcconfig"; path = "Pods/Target Support Files/Pods-ECC/Pods-ECC.release.xcconfig"; sourceTree = "<group>"; };
		32612F011E2696500092F1E1 /* ECC.app */ = {isa = PBXFileReference; explicitFileType = wrapper.application; includeInIndex = 0; path = ECC.app; sourceTree = BUILT_PRODUCTS_DIR; };
		32612F041E2696500092F1E1 /* AppDelegate.swift */ = {isa = PBXFileReference; lastKnownFileType = sourcecode.swift; path = AppDelegate.swift; sourceTree = "<group>"; };
		32612F0B1E2696500092F1E1 /* Assets.xcassets */ = {isa = PBXFileReference; lastKnownFileType = folder.assetcatalog; path = Assets.xcassets; sourceTree = "<group>"; };
		32612F0E1E2696500092F1E1 /* Base */ = {isa = PBXFileReference; lastKnownFileType = file.storyboard; name = Base; path = Base.lproj/LaunchScreen.storyboard; sourceTree = "<group>"; };
		32612F101E2696500092F1E1 /* Info.plist */ = {isa = PBXFileReference; lastKnownFileType = text.plist.xml; path = Info.plist; sourceTree = "<group>"; };
		32612F161E2697010092F1E1 /* AlbumListViewController.swift */ = {isa = PBXFileReference; fileEncoding = 4; lastKnownFileType = sourcecode.swift; path = AlbumListViewController.swift; sourceTree = "<group>"; };
		32612F171E2697010092F1E1 /* PhotoCollectionViewController.swift */ = {isa = PBXFileReference; fileEncoding = 4; lastKnownFileType = sourcecode.swift; path = PhotoCollectionViewController.swift; sourceTree = "<group>"; };
		32612F1B1E26971C0092F1E1 /* AboutViewController.swift */ = {isa = PBXFileReference; fileEncoding = 4; lastKnownFileType = sourcecode.swift; path = AboutViewController.swift; sourceTree = "<group>"; };
		32612F1C1E26971C0092F1E1 /* InfoViewController.swift */ = {isa = PBXFileReference; fileEncoding = 4; lastKnownFileType = sourcecode.swift; path = InfoViewController.swift; sourceTree = "<group>"; };
		32612F1D1E26971C0092F1E1 /* citation.txt */ = {isa = PBXFileReference; fileEncoding = 4; lastKnownFileType = text; path = citation.txt; sourceTree = "<group>"; };
		32612F221E2697350092F1E1 /* AlbumCell.swift */ = {isa = PBXFileReference; fileEncoding = 4; lastKnownFileType = sourcecode.swift; path = AlbumCell.swift; sourceTree = "<group>"; };
		32612F231E2697350092F1E1 /* PhotoCell.swift */ = {isa = PBXFileReference; fileEncoding = 4; lastKnownFileType = sourcecode.swift; path = PhotoCell.swift; sourceTree = "<group>"; };
		32612F291E2697600092F1E1 /* LoginViewController.swift */ = {isa = PBXFileReference; fileEncoding = 4; lastKnownFileType = sourcecode.swift; path = LoginViewController.swift; sourceTree = "<group>"; };
		32612F2B1E2697670092F1E1 /* Album.swift */ = {isa = PBXFileReference; fileEncoding = 4; lastKnownFileType = sourcecode.swift; path = Album.swift; sourceTree = "<group>"; };
		32612F2C1E2697670092F1E1 /* Photo.swift */ = {isa = PBXFileReference; fileEncoding = 4; lastKnownFileType = sourcecode.swift; path = Photo.swift; sourceTree = "<group>"; };
		32612F2F1E2697700092F1E1 /* NetworkManager.swift */ = {isa = PBXFileReference; fileEncoding = 4; lastKnownFileType = sourcecode.swift; path = NetworkManager.swift; sourceTree = "<group>"; };
		32612F301E2697700092F1E1 /* Constants.swift */ = {isa = PBXFileReference; fileEncoding = 4; lastKnownFileType = sourcecode.swift; path = Constants.swift; sourceTree = "<group>"; };
		32612F331E2698BF0092F1E1 /* GoogleService-Info.plist */ = {isa = PBXFileReference; fileEncoding = 4; lastKnownFileType = text.plist.xml; path = "GoogleService-Info.plist"; sourceTree = "<group>"; };
		B27B594581F9669F78A4F0CB /* Pods-ECC.debug.xcconfig */ = {isa = PBXFileReference; includeInIndex = 1; lastKnownFileType = text.xcconfig; name = "Pods-ECC.debug.xcconfig"; path = "Pods/Target Support Files/Pods-ECC/Pods-ECC.debug.xcconfig"; sourceTree = "<group>"; };
		CDC59A9012C73381403CA757 /* Pods_ECC.framework */ = {isa = PBXFileReference; explicitFileType = wrapper.framework; includeInIndex = 0; path = Pods_ECC.framework; sourceTree = BUILT_PRODUCTS_DIR; };
/* End PBXFileReference section */

/* Begin PBXFrameworksBuildPhase section */
		32612EFE1E2696500092F1E1 /* Frameworks */ = {
			isa = PBXFrameworksBuildPhase;
			buildActionMask = 2147483647;
			files = (
				C97B06263F0C63B21EDA7D42 /* Pods_ECC.framework in Frameworks */,
			);
			runOnlyForDeploymentPostprocessing = 0;
		};
/* End PBXFrameworksBuildPhase section */

/* Begin PBXGroup section */
		32612EF81E2696500092F1E1 = {
			isa = PBXGroup;
			children = (
				32612F031E2696500092F1E1 /* ECC */,
				32612F021E2696500092F1E1 /* Products */,
				BD21EDA97211C23BAA3CB48A /* Pods */,
				A1FFF4029073D59331F1DA85 /* Frameworks */,
			);
			sourceTree = "<group>";
		};
		32612F021E2696500092F1E1 /* Products */ = {
			isa = PBXGroup;
			children = (
				32612F011E2696500092F1E1 /* ECC.app */,
			);
			name = Products;
			sourceTree = "<group>";
		};
		32612F031E2696500092F1E1 /* ECC */ = {
			isa = PBXGroup;
			children = (
				32612F041E2696500092F1E1 /* AppDelegate.swift */,
				32612F291E2697600092F1E1 /* LoginViewController.swift */,
				32612F351E26B1E00092F1E1 /* Models */,
				32612F261E26973A0092F1E1 /* Cells */,
				32612F211E2697260092F1E1 /* About */,
				32612F1A1E2697080092F1E1 /* Albums */,
				32612F361E26B2010092F1E1 /* Supporting Files */,
			);
			path = ECC;
			sourceTree = "<group>";
		};
		32612F1A1E2697080092F1E1 /* Albums */ = {
			isa = PBXGroup;
			children = (
				32612F161E2697010092F1E1 /* AlbumListViewController.swift */,
				32612F171E2697010092F1E1 /* PhotoCollectionViewController.swift */,
			);
			name = Albums;
			sourceTree = "<group>";
		};
		32612F211E2697260092F1E1 /* About */ = {
			isa = PBXGroup;
			children = (
				32612F1B1E26971C0092F1E1 /* AboutViewController.swift */,
				32612F1C1E26971C0092F1E1 /* InfoViewController.swift */,
				32612F1D1E26971C0092F1E1 /* citation.txt */,
			);
			name = About;
			sourceTree = "<group>";
		};
		32612F261E26973A0092F1E1 /* Cells */ = {
			isa = PBXGroup;
			children = (
				32612F221E2697350092F1E1 /* AlbumCell.swift */,
				32612F231E2697350092F1E1 /* PhotoCell.swift */,
			);
			name = Cells;
			sourceTree = "<group>";
		};
		32612F351E26B1E00092F1E1 /* Models */ = {
			isa = PBXGroup;
			children = (
				32612F2B1E2697670092F1E1 /* Album.swift */,
				32612F2C1E2697670092F1E1 /* Photo.swift */,
				32612F2F1E2697700092F1E1 /* NetworkManager.swift */,
				32612F301E2697700092F1E1 /* Constants.swift */,
			);
			name = Models;
			sourceTree = "<group>";
		};
		32612F361E26B2010092F1E1 /* Supporting Files */ = {
			isa = PBXGroup;
			children = (
				32612F0D1E2696500092F1E1 /* LaunchScreen.storyboard */,
				32612F0B1E2696500092F1E1 /* Assets.xcassets */,
				32612F101E2696500092F1E1 /* Info.plist */,
				32612F331E2698BF0092F1E1 /* GoogleService-Info.plist */,
			);
			name = "Supporting Files";
			sourceTree = "<group>";
		};
		A1FFF4029073D59331F1DA85 /* Frameworks */ = {
			isa = PBXGroup;
			children = (
				CDC59A9012C73381403CA757 /* Pods_ECC.framework */,
			);
			name = Frameworks;
			sourceTree = "<group>";
		};
		BD21EDA97211C23BAA3CB48A /* Pods */ = {
			isa = PBXGroup;
			children = (
				B27B594581F9669F78A4F0CB /* Pods-ECC.debug.xcconfig */,
				0DBD656AFA5204BB99536024 /* Pods-ECC.release.xcconfig */,
			);
			name = Pods;
			sourceTree = "<group>";
		};
/* End PBXGroup section */

/* Begin PBXNativeTarget section */
		32612F001E2696500092F1E1 /* ECC */ = {
			isa = PBXNativeTarget;
			buildConfigurationList = 32612F131E2696500092F1E1 /* Build configuration list for PBXNativeTarget "ECC" */;
			buildPhases = (
				C6FE551F8622D665035C0D06 /* [CP] Check Pods Manifest.lock */,
				32612EFD1E2696500092F1E1 /* Sources */,
				32612EFE1E2696500092F1E1 /* Frameworks */,
				32612EFF1E2696500092F1E1 /* Resources */,
				958FEEEDC8587C1FC07463AB /* [CP] Embed Pods Frameworks */,
				54312C29D89A442366B3A9CA /* [CP] Copy Pods Resources */,
			);
			buildRules = (
			);
			dependencies = (
			);
			name = ECC;
			productName = ECC;
			productReference = 32612F011E2696500092F1E1 /* ECC.app */;
			productType = "com.apple.product-type.application";
		};
/* End PBXNativeTarget section */

/* Begin PBXProject section */
		32612EF91E2696500092F1E1 /* Project object */ = {
			isa = PBXProject;
			attributes = {
				LastSwiftUpdateCheck = 0810;
				LastUpgradeCheck = 0810;
				ORGANIZATIONNAME = "Ella's Celestial Cakes";
				TargetAttributes = {
					32612F001E2696500092F1E1 = {
						CreatedOnToolsVersion = 8.1;
						DevelopmentTeam = A6MQZ7F58L;
						ProvisioningStyle = Automatic;
					};
				};
			};
			buildConfigurationList = 32612EFC1E2696500092F1E1 /* Build configuration list for PBXProject "ECC" */;
			compatibilityVersion = "Xcode 3.2";
			developmentRegion = English;
			hasScannedForEncodings = 0;
			knownRegions = (
				en,
				Base,
			);
			mainGroup = 32612EF81E2696500092F1E1;
			productRefGroup = 32612F021E2696500092F1E1 /* Products */;
			projectDirPath = "";
			projectRoot = "";
			targets = (
				32612F001E2696500092F1E1 /* ECC */,
			);
		};
/* End PBXProject section */

/* Begin PBXResourcesBuildPhase section */
		32612EFF1E2696500092F1E1 /* Resources */ = {
			isa = PBXResourcesBuildPhase;
			buildActionMask = 2147483647;
			files = (
				32612F341E2698BF0092F1E1 /* GoogleService-Info.plist in Resources */,
				32612F0F1E2696500092F1E1 /* LaunchScreen.storyboard in Resources */,
				32612F0C1E2696500092F1E1 /* Assets.xcassets in Resources */,
				32612F201E26971C0092F1E1 /* citation.txt in Resources */,
			);
			runOnlyForDeploymentPostprocessing = 0;
		};
/* End PBXResourcesBuildPhase section */

/* Begin PBXShellScriptBuildPhase section */
		54312C29D89A442366B3A9CA /* [CP] Copy Pods Resources */ = {
			isa = PBXShellScriptBuildPhase;
			buildActionMask = 2147483647;
			files = (
			);
			inputPaths = (
			);
			name = "[CP] Copy Pods Resources";
			outputPaths = (
			);
			runOnlyForDeploymentPostprocessing = 0;
			shellPath = /bin/sh;
			shellScript = "\"${SRCROOT}/Pods/Target Support Files/Pods-ECC/Pods-ECC-resources.sh\"\n";
			showEnvVarsInLog = 0;
		};
		958FEEEDC8587C1FC07463AB /* [CP] Embed Pods Frameworks */ = {
			isa = PBXShellScriptBuildPhase;
			buildActionMask = 2147483647;
			files = (
			);
			inputPaths = (
			);
			name = "[CP] Embed Pods Frameworks";
			outputPaths = (
			);
			runOnlyForDeploymentPostprocessing = 0;
			shellPath = /bin/sh;
			shellScript = "\"${SRCROOT}/Pods/Target Support Files/Pods-ECC/Pods-ECC-frameworks.sh\"\n";
			showEnvVarsInLog = 0;
		};
		C6FE551F8622D665035C0D06 /* [CP] Check Pods Manifest.lock */ = {
			isa = PBXShellScriptBuildPhase;
			buildActionMask = 2147483647;
			files = (
			);
			inputPaths = (
			);
			name = "[CP] Check Pods Manifest.lock";
			outputPaths = (
			);
			runOnlyForDeploymentPostprocessing = 0;
			shellPath = /bin/sh;
			shellScript = "diff \"${PODS_ROOT}/../Podfile.lock\" \"${PODS_ROOT}/Manifest.lock\" > /dev/null\nif [[ $? != 0 ]] ; then\n    cat << EOM\nerror: The sandbox is not in sync with the Podfile.lock. Run 'pod install' or update your CocoaPods installation.\nEOM\n    exit 1\nfi\n";
			showEnvVarsInLog = 0;
		};
/* End PBXShellScriptBuildPhase section */

/* Begin PBXSourcesBuildPhase section */
		32612EFD1E2696500092F1E1 /* Sources */ = {
			isa = PBXSourcesBuildPhase;
			buildActionMask = 2147483647;
			files = (
				32612F311E2697700092F1E1 /* NetworkManager.swift in Sources */,
				32612F2A1E2697600092F1E1 /* LoginViewController.swift in Sources */,
				32612F251E2697350092F1E1 /* PhotoCell.swift in Sources */,
				32612F181E2697010092F1E1 /* AlbumListViewController.swift in Sources */,
				32612F191E2697010092F1E1 /* PhotoCollectionViewController.swift in Sources */,
				32612F1E1E26971C0092F1E1 /* AboutViewController.swift in Sources */,
				32612F321E2697700092F1E1 /* Constants.swift in Sources */,
				32612F051E2696500092F1E1 /* AppDelegate.swift in Sources */,
				32612F2E1E2697670092F1E1 /* Photo.swift in Sources */,
				32612F1F1E26971C0092F1E1 /* InfoViewController.swift in Sources */,
				32612F241E2697350092F1E1 /* AlbumCell.swift in Sources */,
				32612F2D1E2697670092F1E1 /* Album.swift in Sources */,
			);
			runOnlyForDeploymentPostprocessing = 0;
		};
/* End PBXSourcesBuildPhase section */

/* Begin PBXVariantGroup section */
		32612F0D1E2696500092F1E1 /* LaunchScreen.storyboard */ = {
			isa = PBXVariantGroup;
			children = (
				32612F0E1E2696500092F1E1 /* Base */,
			);
			name = LaunchScreen.storyboard;
			sourceTree = "<group>";
		};
/* End PBXVariantGroup section */

/* Begin XCBuildConfiguration section */
		32612F111E2696500092F1E1 /* Debug */ = {
			isa = XCBuildConfiguration;
			buildSettings = {
				ALWAYS_SEARCH_USER_PATHS = NO;
				CLANG_ANALYZER_NONNULL = YES;
				CLANG_CXX_LANGUAGE_STANDARD = "gnu++0x";
				CLANG_CXX_LIBRARY = "libc++";
				CLANG_ENABLE_MODULES = YES;
				CLANG_ENABLE_OBJC_ARC = YES;
				CLANG_WARN_BOOL_CONVERSION = YES;
				CLANG_WARN_CONSTANT_CONVERSION = YES;
				CLANG_WARN_DIRECT_OBJC_ISA_USAGE = YES_ERROR;
				CLANG_WARN_DOCUMENTATION_COMMENTS = YES;
				CLANG_WARN_EMPTY_BODY = YES;
				CLANG_WARN_ENUM_CONVERSION = YES;
				CLANG_WARN_INFINITE_RECURSION = YES;
				CLANG_WARN_INT_CONVERSION = YES;
				CLANG_WARN_OBJC_ROOT_CLASS = YES_ERROR;
				CLANG_WARN_SUSPICIOUS_MOVES = YES;
				CLANG_WARN_UNREACHABLE_CODE = YES;
				CLANG_WARN__DUPLICATE_METHOD_MATCH = YES;
				"CODE_SIGN_IDENTITY[sdk=iphoneos*]" = "iPhone Developer";
				COPY_PHASE_STRIP = NO;
				DEBUG_INFORMATION_FORMAT = dwarf;
				ENABLE_STRICT_OBJC_MSGSEND = YES;
				ENABLE_TESTABILITY = YES;
				GCC_C_LANGUAGE_STANDARD = gnu99;
				GCC_DYNAMIC_NO_PIC = NO;
				GCC_NO_COMMON_BLOCKS = YES;
				GCC_OPTIMIZATION_LEVEL = 0;
				GCC_PREPROCESSOR_DEFINITIONS = (
					"DEBUG=1",
					"$(inherited)",
				);
				GCC_WARN_64_TO_32_BIT_CONVERSION = YES;
				GCC_WARN_ABOUT_RETURN_TYPE = YES_ERROR;
				GCC_WARN_UNDECLARED_SELECTOR = YES;
				GCC_WARN_UNINITIALIZED_AUTOS = YES_AGGRESSIVE;
				GCC_WARN_UNUSED_FUNCTION = YES;
				GCC_WARN_UNUSED_VARIABLE = YES;
				IPHONEOS_DEPLOYMENT_TARGET = 10.1;
				MTL_ENABLE_DEBUG_INFO = YES;
				ONLY_ACTIVE_ARCH = YES;
				SDKROOT = iphoneos;
				SWIFT_ACTIVE_COMPILATION_CONDITIONS = DEBUG;
				SWIFT_OPTIMIZATION_LEVEL = "-Onone";
				TARGETED_DEVICE_FAMILY = "1,2";
			};
			name = Debug;
		};
		32612F121E2696500092F1E1 /* Release */ = {
			isa = XCBuildConfiguration;
			buildSettings = {
				ALWAYS_SEARCH_USER_PATHS = NO;
				CLANG_ANALYZER_NONNULL = YES;
				CLANG_CXX_LANGUAGE_STANDARD = "gnu++0x";
				CLANG_CXX_LIBRARY = "libc++";
				CLANG_ENABLE_MODULES = YES;
				CLANG_ENABLE_OBJC_ARC = YES;
				CLANG_WARN_BOOL_CONVERSION = YES;
				CLANG_WARN_CONSTANT_CONVERSION = YES;
				CLANG_WARN_DIRECT_OBJC_ISA_USAGE = YES_ERROR;
				CLANG_WARN_DOCUMENTATION_COMMENTS = YES;
				CLANG_WARN_EMPTY_BODY = YES;
				CLANG_WARN_ENUM_CONVERSION = YES;
				CLANG_WARN_INFINITE_RECURSION = YES;
				CLANG_WARN_INT_CONVERSION = YES;
				CLANG_WARN_OBJC_ROOT_CLASS = YES_ERROR;
				CLANG_WARN_SUSPICIOUS_MOVES = YES;
				CLANG_WARN_UNREACHABLE_CODE = YES;
				CLANG_WARN__DUPLICATE_METHOD_MATCH = YES;
				"CODE_SIGN_IDENTITY[sdk=iphoneos*]" = "iPhone Developer";
				COPY_PHASE_STRIP = NO;
				DEBUG_INFORMATION_FORMAT = "dwarf-with-dsym";
				ENABLE_NS_ASSERTIONS = NO;
				ENABLE_STRICT_OBJC_MSGSEND = YES;
				GCC_C_LANGUAGE_STANDARD = gnu99;
				GCC_NO_COMMON_BLOCKS = YES;
				GCC_WARN_64_TO_32_BIT_CONVERSION = YES;
				GCC_WARN_ABOUT_RETURN_TYPE = YES_ERROR;
				GCC_WARN_UNDECLARED_SELECTOR = YES;
				GCC_WARN_UNINITIALIZED_AUTOS = YES_AGGRESSIVE;
				GCC_WARN_UNUSED_FUNCTION = YES;
				GCC_WARN_UNUSED_VARIABLE = YES;
				IPHONEOS_DEPLOYMENT_TARGET = 10.1;
				MTL_ENABLE_DEBUG_INFO = NO;
				SDKROOT = iphoneos;
				SWIFT_OPTIMIZATION_LEVEL = "-Owholemodule";
				TARGETED_DEVICE_FAMILY = "1,2";
				VALIDATE_PRODUCT = YES;
			};
			name = Release;
		};
		32612F141E2696500092F1E1 /* Debug */ = {
			isa = XCBuildConfiguration;
			baseConfigurationReference = B27B594581F9669F78A4F0CB /* Pods-ECC.debug.xcconfig */;
			buildSettings = {
				ASSETCATALOG_COMPILER_APPICON_NAME = AppIcon;
				DEVELOPMENT_TEAM = A6MQZ7F58L;
				INFOPLIST_FILE = ECC/Info.plist;
				LD_RUNPATH_SEARCH_PATHS = "$(inherited) @executable_path/Frameworks";
				PRODUCT_BUNDLE_IDENTIFIER = kaylajensen.ECC;
				PRODUCT_NAME = "$(TARGET_NAME)";
				SWIFT_VERSION = 3.0;
			};
			name = Debug;
		};
		32612F151E2696500092F1E1 /* Release */ = {
			isa = XCBuildConfiguration;
			baseConfigurationReference = 0DBD656AFA5204BB99536024 /* Pods-ECC.release.xcconfig */;
			buildSettings = {
				ASSETCATALOG_COMPILER_APPICON_NAME = AppIcon;
				DEVELOPMENT_TEAM = A6MQZ7F58L;
				INFOPLIST_FILE = ECC/Info.plist;
				LD_RUNPATH_SEARCH_PATHS = "$(inherited) @executable_path/Frameworks";
				PRODUCT_BUNDLE_IDENTIFIER = kaylajensen.ECC;
				PRODUCT_NAME = "$(TARGET_NAME)";
				SWIFT_VERSION = 3.0;
			};
			name = Release;
		};
/* End XCBuildConfiguration section */

/* Begin XCConfigurationList section */
		32612EFC1E2696500092F1E1 /* Build configuration list for PBXProject "ECC" */ = {
			isa = XCConfigurationList;
			buildConfigurations = (
				32612F111E2696500092F1E1 /* Debug */,
				32612F121E2696500092F1E1 /* Release */,
			);
			defaultConfigurationIsVisible = 0;
			defaultConfigurationName = Release;
		};
		32612F131E2696500092F1E1 /* Build configuration list for PBXNativeTarget "ECC" */ = {
			isa = XCConfigurationList;
			buildConfigurations = (
				32612F141E2696500092F1E1 /* Debug */,
				32612F151E2696500092F1E1 /* Release */,
			);
			defaultConfigurationIsVisible = 0;
			defaultConfigurationName = Release;
		};
/* End XCConfigurationList section */
	};
	rootObject = 32612EF91E2696500092F1E1 /* Project object */;
}
